
Microsoft Visual Studio Solution File, Format Version 12.00
# Visual Studio Version 17
VisualStudioVersion = 17.6.33829.357
MinimumVisualStudioVersion = 10.0.40219.1
Project("{FAE04EC0-301F-11D3-BF4B-00C04F79EFBC}") = "RunGroopWebApp", "RunGroopWebApp\RunGroopWebApp.csproj", "{281C32DB-DB9C-404B-A6D2-B20657687B8F}"
EndProject
Global
	GlobalSection(SolutionConfigurationPlatforms) = preSolution
		Debug|Any CPU = Debug|Any CPU
		Release|Any CPU = Release|Any CPU
	EndGlobalSection
	GlobalSection(ProjectConfigurationPlatforms) = postSolution
		{281C32DB-DB9C-404B-A6D2-B20657687B8F}.Debug|Any CPU.ActiveCfg = Debug|Any CPU
		{281C32DB-DB9C-404B-A6D2-B20657687B8F}.Debug|Any CPU.Build.0 = Debug|Any CPU
		{281C32DB-DB9C-404B-A6D2-B20657687B8F}.Release|Any CPU.ActiveCfg = Release|Any CPU
		{281C32DB-DB9C-404B-A6D2-B20657687B8F}.Release|Any CPU.Build.0 = Release|Any CPU
	EndGlobalSection
	GlobalSection(SolutionProperties) = preSolution
		HideSolutionNode = FALSE
	EndGlobalSection
	GlobalSection(ExtensibilityGlobals) = postSolution
		SolutionGuid = {497B5904-3B89-4E3D-A2DC-9160FDECEFD2}
	EndGlobalSection
EndGlobal
